
Microsoft Visual Studio Solution File, Format Version 12.00
# Visual Studio 15
VisualStudioVersion = 15.0.26124.0
MinimumVisualStudioVersion = 15.0.26124.0
Project("{FAE04EC0-301F-11D3-BF4B-00C04F79EFBC}") = "ProAgil.WebAPI", "ProAgil.WebAPI\ProAgil.WebAPI.csproj", "{A5878D4A-0F46-4808-8E37-4BB1A3EADACD}"
EndProject
Project("{FAE04EC0-301F-11D3-BF4B-00C04F79EFBC}") = "ProAgil.Repository", "ProAgil.Repository\ProAgil.Repository.csproj", "{053A3FCB-C578-4A02-9BE7-335C76929519}"
EndProject
Project("{FAE04EC0-301F-11D3-BF4B-00C04F79EFBC}") = "ProAgil.Domain", "ProAgil.Domain\ProAgil.Domain.csproj", "{D88C7D07-3275-40B3-9291-640296945878}"
EndProject
Global
	GlobalSection(SolutionConfigurationPlatforms) = preSolution
		Debug|Any CPU = Debug|Any CPU
		Debug|x64 = Debug|x64
		Debug|x86 = Debug|x86
		Release|Any CPU = Release|Any CPU
		Release|x64 = Release|x64
		Release|x86 = Release|x86
	EndGlobalSection
	GlobalSection(SolutionProperties) = preSolution
		HideSolutionNode = FALSE
	EndGlobalSection
	GlobalSection(ProjectConfigurationPlatforms) = postSolution
		{A5878D4A-0F46-4808-8E37-4BB1A3EADACD}.Debug|Any CPU.ActiveCfg = Debug|Any CPU
		{A5878D4A-0F46-4808-8E37-4BB1A3EADACD}.Debug|Any CPU.Build.0 = Debug|Any CPU
		{A5878D4A-0F46-4808-8E37-4BB1A3EADACD}.Debug|x64.ActiveCfg = Debug|Any CPU
		{A5878D4A-0F46-4808-8E37-4BB1A3EADACD}.Debug|x64.Build.0 = Debug|Any CPU
		{A5878D4A-0F46-4808-8E37-4BB1A3EADACD}.Debug|x86.ActiveCfg = Debug|Any CPU
		{A5878D4A-0F46-4808-8E37-4BB1A3EADACD}.Debug|x86.Build.0 = Debug|Any CPU
		{A5878D4A-0F46-4808-8E37-4BB1A3EADACD}.Release|Any CPU.ActiveCfg = Release|Any CPU
		{A5878D4A-0F46-4808-8E37-4BB1A3EADACD}.Release|Any CPU.Build.0 = Release|Any CPU
		{A5878D4A-0F46-4808-8E37-4BB1A3EADACD}.Release|x64.ActiveCfg = Release|Any CPU
		{A5878D4A-0F46-4808-8E37-4BB1A3EADACD}.Release|x64.Build.0 = Release|Any CPU
		{A5878D4A-0F46-4808-8E37-4BB1A3EADACD}.Release|x86.ActiveCfg = Release|Any CPU
		{A5878D4A-0F46-4808-8E37-4BB1A3EADACD}.Release|x86.Build.0 = Release|Any CPU
		{053A3FCB-C578-4A02-9BE7-335C76929519}.Debug|Any CPU.ActiveCfg = Debug|Any CPU
		{053A3FCB-C578-4A02-9BE7-335C76929519}.Debug|Any CPU.Build.0 = Debug|Any CPU
		{053A3FCB-C578-4A02-9BE7-335C76929519}.Debug|x64.ActiveCfg = Debug|Any CPU
		{053A3FCB-C578-4A02-9BE7-335C76929519}.Debug|x64.Build.0 = Debug|Any CPU
		{053A3FCB-C578-4A02-9BE7-335C76929519}.Debug|x86.ActiveCfg = Debug|Any CPU
		{053A3FCB-C578-4A02-9BE7-335C76929519}.Debug|x86.Build.0 = Debug|Any CPU
		{053A3FCB-C578-4A02-9BE7-335C76929519}.Release|Any CPU.ActiveCfg = Release|Any CPU
		{053A3FCB-C578-4A02-9BE7-335C76929519}.Release|Any CPU.Build.0 = Release|Any CPU
		{053A3FCB-C578-4A02-9BE7-335C76929519}.Release|x64.ActiveCfg = Release|Any CPU
		{053A3FCB-C578-4A02-9BE7-335C76929519}.Release|x64.Build.0 = Release|Any CPU
		{053A3FCB-C578-4A02-9BE7-335C76929519}.Release|x86.ActiveCfg = Release|Any CPU
		{053A3FCB-C578-4A02-9BE7-335C76929519}.Release|x86.Build.0 = Release|Any CPU
		{D88C7D07-3275-40B3-9291-640296945878}.Debug|Any CPU.ActiveCfg = Debug|Any CPU
		{D88C7D07-3275-40B3-9291-640296945878}.Debug|Any CPU.Build.0 = Debug|Any CPU
		{D88C7D07-3275-40B3-9291-640296945878}.Debug|x64.ActiveCfg = Debug|Any CPU
		{D88C7D07-3275-40B3-9291-640296945878}.Debug|x64.Build.0 = Debug|Any CPU
		{D88C7D07-3275-40B3-9291-640296945878}.Debug|x86.ActiveCfg = Debug|Any CPU
		{D88C7D07-3275-40B3-9291-640296945878}.Debug|x86.Build.0 = Debug|Any CPU
		{D88C7D07-3275-40B3-9291-640296945878}.Release|Any CPU.ActiveCfg = Release|Any CPU
		{D88C7D07-3275-40B3-9291-640296945878}.Release|Any CPU.Build.0 = Release|Any CPU
		{D88C7D07-3275-40B3-9291-640296945878}.Release|x64.ActiveCfg = Release|Any CPU
		{D88C7D07-3275-40B3-9291-640296945878}.Release|x64.Build.0 = Release|Any CPU
		{D88C7D07-3275-40B3-9291-640296945878}.Release|x86.ActiveCfg = Release|Any CPU
		{D88C7D07-3275-40B3-9291-640296945878}.Release|x86.Build.0 = Release|Any CPU
	EndGlobalSection
EndGlobal
